
Microsoft Visual Studio Solution File, Format Version 12.00
# Visual Studio 15
VisualStudioVersion = 15.0.28010.2026
MinimumVisualStudioVersion = 10.0.40219.1
Project("{E24C65DC-7377-472B-9ABA-BC803B73C61A}") = "WS_JSConfirm", "WS_JSConfirm\", "{5045AA77-B837-4217-95D9-73AAEC5B44AD}"
	ProjectSection(WebsiteProperties) = preProject
		TargetFrameworkMoniker = ".NETFramework,Version%3Dv4.5"
		Debug.AspNetCompiler.VirtualPath = "/localhost_56280"
		Debug.AspNetCompiler.PhysicalPath = "WS_JSConfirm\"
		Debug.AspNetCompiler.TargetPath = "PrecompiledWeb\localhost_56280\"
		Debug.AspNetCompiler.Updateable = "true"
		Debug.AspNetCompiler.ForceOverwrite = "true"
		Debug.AspNetCompiler.FixedNames = "false"
		Debug.AspNetCompiler.Debug = "True"
		Release.AspNetCompiler.VirtualPath = "/localhost_56280"
		Release.AspNetCompiler.PhysicalPath = "WS_JSConfirm\"
		Release.AspNetCompiler.TargetPath = "PrecompiledWeb\localhost_56280\"
		Release.AspNetCompiler.Updateable = "true"
		Release.AspNetCompiler.ForceOverwrite = "true"
		Release.AspNetCompiler.FixedNames = "false"
		Release.AspNetCompiler.Debug = "False"
		VWDPort = "56280"
		SlnRelativePath = "WS_JSConfirm\"
		DefaultWebSiteLanguage = "Visual C#"
	EndProjectSection
EndProject
Global
	GlobalSection(SolutionConfigurationPlatforms) = preSolution
		Debug|Any CPU = Debug|Any CPU
	EndGlobalSection
	GlobalSection(ProjectConfigurationPlatforms) = postSolution
		{5045AA77-B837-4217-95D9-73AAEC5B44AD}.Debug|Any CPU.ActiveCfg = Debug|Any CPU
		{5045AA77-B837-4217-95D9-73AAEC5B44AD}.Debug|Any CPU.Build.0 = Debug|Any CPU
	EndGlobalSection
	GlobalSection(SolutionProperties) = preSolution
		HideSolutionNode = FALSE
	EndGlobalSection
	GlobalSection(ExtensibilityGlobals) = postSolution
		SolutionGuid = {A4CCB687-BFA6-48A5-9632-36A7D7E24A4B}
	EndGlobalSection
EndGlobal
